
Microsoft Visual Studio Solution File, Format Version 12.00
# Visual Studio 15
VisualStudioVersion = 15.0.26621.2
MinimumVisualStudioVersion = 10.0.40219.1
Project("{FAE04EC0-301F-11D3-BF4B-00C04F79EFBC}") = "ViewpointSystems.Svn", "ViewpointSystems.Svn\ViewpointSystems.Svn.csproj", "{60654F2F-94CE-457D-878E-793B4C5EB100}"
EndProject
Project("{2150E333-8FDC-42A3-9474-1A3956D46DE8}") = "Solution Items", "Solution Items", "{6B2672CA-9A05-48A2-B169-10C8932732BD}"
	ProjectSection(SolutionItems) = preProject
		InstallLocation.targets = InstallLocation.targets
	EndProjectSection
EndProject
Global
	GlobalSection(SolutionConfigurationPlatforms) = preSolution
		Debug|Any CPU = Debug|Any CPU
		Debug|x64 = Debug|x64
		Release|Any CPU = Release|Any CPU
		Release|x64 = Release|x64
	EndGlobalSection
	GlobalSection(ProjectConfigurationPlatforms) = postSolution
		{60654F2F-94CE-457D-878E-793B4C5EB100}.Debug|Any CPU.ActiveCfg = Debug|Any CPU
		{60654F2F-94CE-457D-878E-793B4C5EB100}.Debug|Any CPU.Build.0 = Debug|Any CPU
		{60654F2F-94CE-457D-878E-793B4C5EB100}.Debug|x64.ActiveCfg = Debug|x64
		{60654F2F-94CE-457D-878E-793B4C5EB100}.Debug|x64.Build.0 = Debug|x64
		{60654F2F-94CE-457D-878E-793B4C5EB100}.Release|Any CPU.ActiveCfg = Release|Any CPU
		{60654F2F-94CE-457D-878E-793B4C5EB100}.Release|Any CPU.Build.0 = Release|Any CPU
		{60654F2F-94CE-457D-878E-793B4C5EB100}.Release|x64.ActiveCfg = Release|x64
		{60654F2F-94CE-457D-878E-793B4C5EB100}.Release|x64.Build.0 = Release|x64
	EndGlobalSection
	GlobalSection(SolutionProperties) = preSolution
		HideSolutionNode = FALSE
	EndGlobalSection
	GlobalSection(ExtensibilityGlobals) = postSolution
		SolutionGuid = {92CB40BF-B171-49AA-AAF8-416351E11A4E}
	EndGlobalSection
EndGlobal
